{
  "originHash" : "9bf2cef4d7cf450d52dd1e900770db53b44f06578b26fda16bcb9856ff9c0743",
  "pins" : [
    {
      "identity" : "satellitekit",
      "kind" : "remoteSourceControl",
      "location" : "https://github.com/gavineadie/SatelliteKit.git",
      "state" : {
        "revision" : "9a87cdb80344f26e81bc5fc82fdf9a3350478603",
        "version" : "2.1.2"
      }
    }
  ],
  "version" : 3
}
